Microsoft Visual Studio Solution File, Format Version 12.00
# Visual Studio Version 17
VisualStudioVersion = 17.5.2.0
MinimumVisualStudioVersion = 10.0.40219.1
Project("{FAE04EC0-301F-11D3-BF4B-00C04F79EFBC}") = "branching", "branching.csproj", "{B1178DF2-56E7-AF88-2395-27AA59F565A5}"
EndProject
Global
	GlobalSection(SolutionConfigurationPlatforms) = preSolution
		Debug|Any CPU = Debug|Any CPU
		Release|Any CPU = Release|Any CPU
	EndGlobalSection
	GlobalSection(ProjectConfigurationPlatforms) = postSolution
		{B1178DF2-56E7-AF88-2395-27AA59F565A5}.Debug|Any CPU.ActiveCfg = Debug|Any CPU
		{B1178DF2-56E7-AF88-2395-27AA59F565A5}.Debug|Any CPU.Build.0 = Debug|Any CPU
		{B1178DF2-56E7-AF88-2395-27AA59F565A5}.Release|Any CPU.ActiveCfg = Release|Any CPU
		{B1178DF2-56E7-AF88-2395-27AA59F565A5}.Release|Any CPU.Build.0 = Release|Any CPU
	EndGlobalSection
	GlobalSection(SolutionProperties) = preSolution
		HideSolutionNode = FALSE
	EndGlobalSection
	GlobalSection(ExtensibilityGlobals) = postSolution
		SolutionGuid = {46330155-90B6-473F-9356-1E1CAABFEE69}
	EndGlobalSection
EndGlobal
